
Microsoft Visual Studio Solution File, Format Version 12.00
# Visual Studio 15
VisualStudioVersion = 15.0.28307.645
MinimumVisualStudioVersion = 10.0.40219.1
Project("{FAE04EC0-301F-11D3-BF4B-00C04F79EFBC}") = "CrmBL", "CrmBL\CrmBL.csproj", "{5478C982-F1AB-47ED-BA32-1FA515B90FE2}"
EndProject
Project("{FAE04EC0-301F-11D3-BF4B-00C04F79EFBC}") = "CrmUI", "CrmUI\CrmUI.csproj", "{1BD9617C-29E0-4234-B8FE-C79CDECF5CB1}"
EndProject
Project("{FAE04EC0-301F-11D3-BF4B-00C04F79EFBC}") = "CrmBLTests", "CrmBLTests\CrmBLTests.csproj", "{87CEC696-A10C-4A38-8D6A-EE5E63F5903F}"
EndProject
Global
	GlobalSection(SolutionConfigurationPlatforms) = preSolution
		Debug|Any CPU = Debug|Any CPU
		Release|Any CPU = Release|Any CPU
	EndGlobalSection
	GlobalSection(ProjectConfigurationPlatforms) = postSolution
		{5478C982-F1AB-47ED-BA32-1FA515B90FE2}.Debug|Any CPU.ActiveCfg = Debug|Any CPU
		{5478C982-F1AB-47ED-BA32-1FA515B90FE2}.Debug|Any CPU.Build.0 = Debug|Any CPU
		{5478C982-F1AB-47ED-BA32-1FA515B90FE2}.Release|Any CPU.ActiveCfg = Release|Any CPU
		{5478C982-F1AB-47ED-BA32-1FA515B90FE2}.Release|Any CPU.Build.0 = Release|Any CPU
		{1BD9617C-29E0-4234-B8FE-C79CDECF5CB1}.Debug|Any CPU.ActiveCfg = Debug|Any CPU
		{1BD9617C-29E0-4234-B8FE-C79CDECF5CB1}.Debug|Any CPU.Build.0 = Debug|Any CPU
		{1BD9617C-29E0-4234-B8FE-C79CDECF5CB1}.Release|Any CPU.ActiveCfg = Release|Any CPU
		{1BD9617C-29E0-4234-B8FE-C79CDECF5CB1}.Release|Any CPU.Build.0 = Release|Any CPU
		{87CEC696-A10C-4A38-8D6A-EE5E63F5903F}.Debug|Any CPU.ActiveCfg = Debug|Any CPU
		{87CEC696-A10C-4A38-8D6A-EE5E63F5903F}.Debug|Any CPU.Build.0 = Debug|Any CPU
		{87CEC696-A10C-4A38-8D6A-EE5E63F5903F}.Release|Any CPU.ActiveCfg = Release|Any CPU
		{87CEC696-A10C-4A38-8D6A-EE5E63F5903F}.Release|Any CPU.Build.0 = Release|Any CPU
	EndGlobalSection
	GlobalSection(SolutionProperties) = preSolution
		HideSolutionNode = FALSE
	EndGlobalSection
	GlobalSection(ExtensibilityGlobals) = postSolution
		SolutionGuid = {FB80A52E-224D-4E65-88DC-EEF190C8E1E1}
	EndGlobalSection
EndGlobal
